// !$*UTF8*$!
{
	archiveVersion = 1;
	classes = {
	};
	objectVersion = 51;
	objects = {

/* Begin PBXBuildFile section */
		632088AF25A4613A001290E3 /* UIImage+Blur.m in Sources */ = {isa = PBXBuildFile; fileRef = 632088AE25A4613A001290E3 /* UIImage+Blur.m */; };
		632D982F258320D600B2BBCF /* AppDelegate.m in Sources */ = {isa = PBXBuildFile; fileRef = 632D982E258320D600B2BBCF /* AppDelegate.m */; };
		632D983A258320D900B2BBCF /* Assets.xcassets in Resources */ = {isa = PBXBuildFile; fileRef = 632D9839258320D900B2BBCF /* Assets.xcassets */; };
		632D983D258320D900B2BBCF /* LaunchScreen.storyboard in Resources */ = {isa = PBXBuildFile; fileRef = 632D983B258320D900B2BBCF /* LaunchScreen.storyboard */; };
		632D9840258320D900B2BBCF /* main.m in Sources */ = {isa = PBXBuildFile; fileRef = 632D983F258320D900B2BBCF /* main.m */; };
		632D98482583212F00B2BBCF /* BaseViewController.m in Sources */ = {isa = PBXBuildFile; fileRef = 632D98472583212F00B2BBCF /* BaseViewController.m */; };
		632D984B258324B400B2BBCF /* MainViewController.m in Sources */ = {isa = PBXBuildFile; fileRef = 632D984A258324B400B2BBCF /* MainViewController.m */; };
		632D985125834B2A00B2BBCF /* PageViewController.m in Sources */ = {isa = PBXBuildFile; fileRef = 632D985025834B2A00B2BBCF /* PageViewController.m */; };
		632D985C2583718100B2BBCF /* BaseTableViewCell.m in Sources */ = {isa = PBXBuildFile; fileRef = 632D985B2583718100B2BBCF /* BaseTableViewCell.m */; };
		632D985F258375DD00B2BBCF /* JFRankViewController.m in Sources */ = {isa = PBXBuildFile; fileRef = 632D985E258375DD00B2BBCF /* JFRankViewController.m */; };
		632D98632583818800B2BBCF /* JGRankViewCell.m in Sources */ = {isa = PBXBuildFile; fileRef = 632D98622583818800B2BBCF /* JGRankViewCell.m */; };
		63364EE525B035E500D198C2 /* CategoryViewCell.m in Sources */ = {isa = PBXBuildFile; fileRef = 63364EE425B035E500D198C2 /* CategoryViewCell.m */; };
		63364EEA25B036B500D198C2 /* CategoryViewController.m in Sources */ = {isa = PBXBuildFile; fileRef = 63364EE925B036B500D198C2 /* CategoryViewController.m */; };
		63565DDE259B2B1400187730 /* JGBoutiqueCell.m in Sources */ = {isa = PBXBuildFile; fileRef = 63565DDD259B2B1400187730 /* JGBoutiqueCell.m */; };
		63565DE4259B301400187730 /* JGBoutiqueHeadCell.m in Sources */ = {isa = PBXBuildFile; fileRef = 63565DE3259B301400187730 /* JGBoutiqueHeadCell.m */; };
		635FB0ED25957BE100144B5B /* TabBarController.m in Sources */ = {isa = PBXBuildFile; fileRef = 635FB0EC25957BE100144B5B /* TabBarController.m */; };
		635FB0F325965DAA00144B5B /* JGMineViewController.m in Sources */ = {isa = PBXBuildFile; fileRef = 635FB0F225965DAA00144B5B /* JGMineViewController.m */; };
		637B18002597396500C04C75 /* 至尊毒妃邪王的盛宠娇妃.txt in Resources */ = {isa = PBXBuildFile; fileRef = 637B17FF2597396500C04C75 /* 至尊毒妃邪王的盛宠娇妃.txt */; };
		637B180425973A5200C04C75 /* 富贵小丫鬟.txt in Resources */ = {isa = PBXBuildFile; fileRef = 637B180325973A5200C04C75 /* 富贵小丫鬟.txt */; };
		637B182525973CB400C04C75 /* 穿书后嫁给前夫他舅舅.txt in Resources */ = {isa = PBXBuildFile; fileRef = 637B181025973CB300C04C75 /* 穿书后嫁给前夫他舅舅.txt */; };
		637B182A25973CB400C04C75 /* 元后传.txt in Resources */ = {isa = PBXBuildFile; fileRef = 637B181525973CB400C04C75 /* 元后传.txt */; };
		637B1832259740A400C04C75 /* JGBoutiqueListController.m in Sources */ = {isa = PBXBuildFile; fileRef = 637B1831259740A400C04C75 /* JGBoutiqueListController.m */; };
		6396A4D625A31E72008F1100 /* JGComicHead.m in Sources */ = {isa = PBXBuildFile; fileRef = 6396A4D525A31E72008F1100 /* JGComicHead.m */; };
		6396A4D925A320FC008F1100 /* JGComicViewController.m in Sources */ = {isa = PBXBuildFile; fileRef = 6396A4D825A320FC008F1100 /* JGComicViewController.m */; };
		63A3F43025A7FF3B00D0801E /* JGBoutiqueViewCell.m in Sources */ = {isa = PBXBuildFile; fileRef = 63A3F42E25A7FF3B00D0801E /* JGBoutiqueViewCell.m */; };
		63A3F43B25A8099700D0801E /* 皇叔溺宠废材小医妃.txt in Resources */ = {isa = PBXBuildFile; fileRef = 63A3F43125A8099400D0801E /* 皇叔溺宠废材小医妃.txt */; };
		63A3F43C25A8099700D0801E /* 兽黑狂妃皇叔逆天宠.txt in Resources */ = {isa = PBXBuildFile; fileRef = 63A3F43225A8099400D0801E /* 兽黑狂妃皇叔逆天宠.txt */; };
		63A3F43E25A8099700D0801E /* 团宠公主三岁半.txt in Resources */ = {isa = PBXBuildFile; fileRef = 63A3F43425A8099500D0801E /* 团宠公主三岁半.txt */; };
		63A3F43F25A8099700D0801E /* 王的女人谁敢动.txt in Resources */ = {isa = PBXBuildFile; fileRef = 63A3F43525A8099500D0801E /* 王的女人谁敢动.txt */; };
		63A3F44025A8099700D0801E /* 神医魔后不好惹.txt in Resources */ = {isa = PBXBuildFile; fileRef = 63A3F43625A8099600D0801E /* 神医魔后不好惹.txt */; };
		63A3F44125A8099700D0801E /* 丑女神医农门太子妃.txt in Resources */ = {isa = PBXBuildFile; fileRef = 63A3F43725A8099600D0801E /* 丑女神医农门太子妃.txt */; };
		63A3F44325A8099700D0801E /* 废柴嫡女要翻天.txt in Resources */ = {isa = PBXBuildFile; fileRef = 63A3F43925A8099600D0801E /* 废柴嫡女要翻天.txt */; };
		63A3F44425A8099700D0801E /* 邪帝的神医弃妃.txt in Resources */ = {isa = PBXBuildFile; fileRef = 63A3F43A25A8099700D0801E /* 邪帝的神医弃妃.txt */; };
		63C16585258694390017BB3E /* BaseCollectionViewCell.m in Sources */ = {isa = PBXBuildFile; fileRef = 63C16584258694390017BB3E /* BaseCollectionViewCell.m */; };
		63C88E6A25A57084002DDF08 /* UINavigationController+back.m in Sources */ = {isa = PBXBuildFile; fileRef = 63C88E6925A57084002DDF08 /* UINavigationController+back.m */; };
		63C88E6D25A595E2002DDF08 /* ReadStateDefault.m in Sources */ = {isa = PBXBuildFile; fileRef = 63C88E6C25A595E2002DDF08 /* ReadStateDefault.m */; };
		63CE6662259DBF31007AFFB4 /* JGMineTableViewCell.m in Sources */ = {isa = PBXBuildFile; fileRef = 63CE6661259DBF31007AFFB4 /* JGMineTableViewCell.m */; };
		63E565612592F6FF003C5F06 /* ChapterModel.m in Sources */ = {isa = PBXBuildFile; fileRef = 63E565432592F6FE003C5F06 /* ChapterModel.m */; };
		63E565622592F6FF003C5F06 /* ReadTool.m in Sources */ = {isa = PBXBuildFile; fileRef = 63E565442592F6FE003C5F06 /* ReadTool.m */; };
		63E565632592F6FF003C5F06 /* TopMenuView.m in Sources */ = {isa = PBXBuildFile; fileRef = 63E565492592F6FF003C5F06 /* TopMenuView.m */; };
		63E565642592F6FF003C5F06 /* ThemView.m in Sources */ = {isa = PBXBuildFile; fileRef = 63E5654E2592F6FF003C5F06 /* ThemView.m */; };
		63E565652592F6FF003C5F06 /* MenuView.m in Sources */ = {isa = PBXBuildFile; fileRef = 63E5654F2592F6FF003C5F06 /* MenuView.m */; };
		63E565662592F6FF003C5F06 /* BottomMenuView.m in Sources */ = {isa = PBXBuildFile; fileRef = 63E565512592F6FF003C5F06 /* BottomMenuView.m */; };
		63E565672592F6FF003C5F06 /* ReadView.m in Sources */ = {isa = PBXBuildFile; fileRef = 63E565522592F6FF003C5F06 /* ReadView.m */; };
		63E565682592F6FF003C5F06 /* UIImage+ImageEffects.m in Sources */ = {isa = PBXBuildFile; fileRef = 63E565532592F6FF003C5F06 /* UIImage+ImageEffects.m */; };
		63E5656A2592F6FF003C5F06 /* UIView+JZExtension.m in Sources */ = {isa = PBXBuildFile; fileRef = 63E565592592F6FF003C5F06 /* UIView+JZExtension.m */; };
		63E5656B2592F6FF003C5F06 /* ReadViewController.m in Sources */ = {isa = PBXBuildFile; fileRef = 63E5655B2592F6FF003C5F06 /* ReadViewController.m */; };
		63E5656C2592F6FF003C5F06 /* CurrentReadController.m in Sources */ = {isa = PBXBuildFile; fileRef = 63E5655E2592F6FF003C5F06 /* CurrentReadController.m */; };
		63E5656D2592F6FF003C5F06 /* CoverController.m in Sources */ = {isa = PBXBuildFile; fileRef = 63E565602592F6FF003C5F06 /* CoverController.m */; };
		63E56570259308AB003C5F06 /* JGModel.m in Sources */ = {isa = PBXBuildFile; fileRef = 63E5656F259308AB003C5F06 /* JGModel.m */; };
		63E5657825930E48003C5F06 /* NetWorkManager.m in Sources */ = {isa = PBXBuildFile; fileRef = 63E5657725930E48003C5F06 /* NetWorkManager.m */; };
		63E9698225A563A5008576EA /* ReadMainViewController.m in Sources */ = {isa = PBXBuildFile; fileRef = 63E9698025A563A5008576EA /* ReadMainViewController.m */; };
		63E9698525A564C0008576EA /* ReadFrameFile.m in Sources */ = {isa = PBXBuildFile; fileRef = 63E9698325A564BF008576EA /* ReadFrameFile.m */; };
		63E9698825A566EE008576EA /* NSString+Read.m in Sources */ = {isa = PBXBuildFile; fileRef = 63E9698625A566EE008576EA /* NSString+Read.m */; };
/* End PBXBuildFile section */

/* Begin PBXFileReference section */
		371807930B40CBBEC32CA08D /* Pods-Read.release.xcconfig */ = {isa = PBXFileReference; includeInIndex = 1; lastKnownFileType = text.xcconfig; name = "Pods-Read.release.xcconfig"; path = "Target Support Files/Pods-Read/Pods-Read.release.xcconfig"; sourceTree = "<group>"; };
		632088AD25A4613A001290E3 /* UIImage+Blur.h */ = {isa = PBXFileReference; lastKnownFileType = sourcecode.c.h; path = "UIImage+Blur.h"; sourceTree = "<group>"; };
		632088AE25A4613A001290E3 /* UIImage+Blur.m */ = {isa = PBXFileReference; lastKnownFileType = sourcecode.c.objc; path = "UIImage+Blur.m"; sourceTree = "<group>"; };
		632D982A258320D600B2BBCF /* jjyd.app */ = {isa = PBXFileReference; explicitFileType = wrapper.application; includeInIndex = 0; path = jjyd.app; sourceTree = BUILT_PRODUCTS_DIR; };
		632D982D258320D600B2BBCF /* AppDelegate.h */ = {isa = PBXFileReference; lastKnownFileType = sourcecode.c.h; path = AppDelegate.h; sourceTree = "<group>"; };
		632D982E258320D600B2BBCF /* AppDelegate.m */ = {isa = PBXFileReference; lastKnownFileType = sourcecode.c.objc; path = AppDelegate.m; sourceTree = "<group>"; };
		632D9839258320D900B2BBCF /* Assets.xcassets */ = {isa = PBXFileReference; lastKnownFileType = folder.assetcatalog; path = Assets.xcassets; sourceTree = "<group>"; };
		632D983C258320D900B2BBCF /* Base */ = {isa = PBXFileReference; lastKnownFileType = file.storyboard; name = Base; path = Base.lproj/LaunchScreen.storyboard; sourceTree = "<group>"; };
		632D983E258320D900B2BBCF /* Info.plist */ = {isa = PBXFileReference; lastKnownFileType = text.plist.xml; path = Info.plist; sourceTree = "<group>"; };
		632D983F258320D900B2BBCF /* main.m */ = {isa = PBXFileReference; lastKnownFileType = sourcecode.c.objc; path = main.m; sourceTree = "<group>"; };
		632D98462583212F00B2BBCF /* BaseViewController.h */ = {isa = PBXFileReference; lastKnownFileType = sourcecode.c.h; path = BaseViewController.h; sourceTree = "<group>"; };
		632D98472583212F00B2BBCF /* BaseViewController.m */ = {isa = PBXFileReference; lastKnownFileType = sourcecode.c.objc; path = BaseViewController.m; sourceTree = "<group>"; };
		632D9849258324B300B2BBCF /* MainViewController.h */ = {isa = PBXFileReference; lastKnownFileType = sourcecode.c.h; path = MainViewController.h; sourceTree = "<group>"; };
		632D984A258324B400B2BBCF /* MainViewController.m */ = {isa = PBXFileReference; lastKnownFileType = sourcecode.c.objc; path = MainViewController.m; sourceTree = "<group>"; };
		632D984F25834B2A00B2BBCF /* PageViewController.h */ = {isa = PBXFileReference; lastKnownFileType = sourcecode.c.h; path = PageViewController.h; sourceTree = "<group>"; };
		632D985025834B2A00B2BBCF /* PageViewController.m */ = {isa = PBXFileReference; lastKnownFileType = sourcecode.c.objc; path = PageViewController.m; sourceTree = "<group>"; };
		632D985A2583718100B2BBCF /* BaseTableViewCell.h */ = {isa = PBXFileReference; lastKnownFileType = sourcecode.c.h; path = BaseTableViewCell.h; sourceTree = "<group>"; };
		632D985B2583718100B2BBCF /* BaseTableViewCell.m */ = {isa = PBXFileReference; lastKnownFileType = sourcecode.c.objc; path = BaseTableViewCell.m; sourceTree = "<group>"; };
		632D985D258375DD00B2BBCF /* JFRankViewController.h */ = {isa = PBXFileReference; lastKnownFileType = sourcecode.c.h; path = JFRankViewController.h; sourceTree = "<group>"; };
		632D985E258375DD00B2BBCF /* JFRankViewController.m */ = {isa = PBXFileReference; lastKnownFileType = sourcecode.c.objc; path = JFRankViewController.m; sourceTree = "<group>"; };
		632D98602583788500B2BBCF /* Globe.h */ = {isa = PBXFileReference; lastKnownFileType = sourcecode.c.h; path = Globe.h; sourceTree = "<group>"; };
		632D98612583818800B2BBCF /* JGRankViewCell.h */ = {isa = PBXFileReference; lastKnownFileType = sourcecode.c.h; path = JGRankViewCell.h; sourceTree = "<group>"; };
		632D98622583818800B2BBCF /* JGRankViewCell.m */ = {isa = PBXFileReference; lastKnownFileType = sourcecode.c.objc; path = JGRankViewCell.m; sourceTree = "<group>"; };
		63364EE325B035E500D198C2 /* CategoryViewCell.h */ = {isa = PBXFileReference; lastKnownFileType = sourcecode.c.h; path = CategoryViewCell.h; sourceTree = "<group>"; };
		63364EE425B035E500D198C2 /* CategoryViewCell.m */ = {isa = PBXFileReference; lastKnownFileType = sourcecode.c.objc; path = CategoryViewCell.m; sourceTree = "<group>"; };
		63364EE825B036B500D198C2 /* CategoryViewController.h */ = {isa = PBXFileReference; lastKnownFileType = sourcecode.c.h; path = CategoryViewController.h; sourceTree = "<group>"; };
		63364EE925B036B500D198C2 /* CategoryViewController.m */ = {isa = PBXFileReference; lastKnownFileType = sourcecode.c.objc; path = CategoryViewController.m; sourceTree = "<group>"; };
		6348D98525A8416E00227D0A /* Pods_Read.framework */ = {isa = PBXFileReference; explicitFileType = wrapper.framework; path = Pods_Read.framework; sourceTree = BUILT_PRODUCTS_DIR; };
		63565DDC259B2B1400187730 /* JGBoutiqueCell.h */ = {isa = PBXFileReference; lastKnownFileType = sourcecode.c.h; path = JGBoutiqueCell.h; sourceTree = "<group>"; };
		63565DDD259B2B1400187730 /* JGBoutiqueCell.m */ = {isa = PBXFileReference; lastKnownFileType = sourcecode.c.objc; path = JGBoutiqueCell.m; sourceTree = "<group>"; };
		63565DE2259B301400187730 /* JGBoutiqueHeadCell.h */ = {isa = PBXFileReference; lastKnownFileType = sourcecode.c.h; path = JGBoutiqueHeadCell.h; sourceTree = "<group>"; };
		63565DE3259B301400187730 /* JGBoutiqueHeadCell.m */ = {isa = PBXFileReference; lastKnownFileType = sourcecode.c.objc; path = JGBoutiqueHeadCell.m; sourceTree = "<group>"; };
		635FB0EB25957BE100144B5B /* TabBarController.h */ = {isa = PBXFileReference; lastKnownFileType = sourcecode.c.h; path = TabBarController.h; sourceTree = "<group>"; };
		635FB0EC25957BE100144B5B /* TabBarController.m */ = {isa = PBXFileReference; lastKnownFileType = sourcecode.c.objc; path = TabBarController.m; sourceTree = "<group>"; };
		635FB0F125965DAA00144B5B /* JGMineViewController.h */ = {isa = PBXFileReference; lastKnownFileType = sourcecode.c.h; path = JGMineViewController.h; sourceTree = "<group>"; };
		635FB0F225965DAA00144B5B /* JGMineViewController.m */ = {isa = PBXFileReference; lastKnownFileType = sourcecode.c.objc; path = JGMineViewController.m; sourceTree = "<group>"; };
		637B17FF2597396500C04C75 /* 至尊毒妃邪王的盛宠娇妃.txt */ = {isa = PBXFileReference; fileEncoding = 4; lastKnownFileType = text; path = "至尊毒妃邪王的盛宠娇妃.txt"; sourceTree = "<group>"; };
		637B180325973A5200C04C75 /* 富贵小丫鬟.txt */ = {isa = PBXFileReference; fileEncoding = 4; lastKnownFileType = text; path = "富贵小丫鬟.txt"; sourceTree = "<group>"; };
		637B181025973CB300C04C75 /* 穿书后嫁给前夫他舅舅.txt */ = {isa = PBXFileReference; fileEncoding = 4; lastKnownFileType = text; path = "穿书后嫁给前夫他舅舅.txt"; sourceTree = "<group>"; };
		637B181525973CB400C04C75 /* 元后传.txt */ = {isa = PBXFileReference; fileEncoding = 4; lastKnownFileType = text; path = "元后传.txt"; sourceTree = "<group>"; };
		637B1830259740A400C04C75 /* JGBoutiqueListController.h */ = {isa = PBXFileReference; lastKnownFileType = sourcecode.c.h; path = JGBoutiqueListController.h; sourceTree = "<group>"; };
		637B1831259740A400C04C75 /* JGBoutiqueListController.m */ = {isa = PBXFileReference; lastKnownFileType = sourcecode.c.objc; path = JGBoutiqueListController.m; sourceTree = "<group>"; };
		6396A4D425A31E72008F1100 /* JGComicHead.h */ = {isa = PBXFileReference; lastKnownFileType = sourcecode.c.h; path = JGComicHead.h; sourceTree = "<group>"; };
		6396A4D525A31E72008F1100 /* JGComicHead.m */ = {isa = PBXFileReference; lastKnownFileType = sourcecode.c.objc; path = JGComicHead.m; sourceTree = "<group>"; };
		6396A4D725A320FC008F1100 /* JGComicViewController.h */ = {isa = PBXFileReference; lastKnownFileType = sourcecode.c.h; path = JGComicViewController.h; sourceTree = "<group>"; };
		6396A4D825A320FC008F1100 /* JGComicViewController.m */ = {isa = PBXFileReference; lastKnownFileType = sourcecode.c.objc; path = JGComicViewController.m; sourceTree = "<group>"; };
		63A3F42E25A7FF3B00D0801E /* JGBoutiqueViewCell.m */ = {isa = PBXFileReference; fileEncoding = 4; lastKnownFileType = sourcecode.c.objc; path = JGBoutiqueViewCell.m; sourceTree = "<group>"; };
		63A3F42F25A7FF3B00D0801E /* JGBoutiqueViewCell.h */ = {isa = PBXFileReference; fileEncoding = 4; lastKnownFileType = sourcecode.c.h; path = JGBoutiqueViewCell.h; sourceTree = "<group>"; };
		63A3F43125A8099400D0801E /* 皇叔溺宠废材小医妃.txt */ = {isa = PBXFileReference; fileEncoding = 4; lastKnownFileType = text; path = "皇叔溺宠废材小医妃.txt"; sourceTree = "<group>"; };
		63A3F43225A8099400D0801E /* 兽黑狂妃皇叔逆天宠.txt */ = {isa = PBXFileReference; fileEncoding = 4; lastKnownFileType = text; path = "兽黑狂妃皇叔逆天宠.txt"; sourceTree = "<group>"; };
		63A3F43425A8099500D0801E /* 团宠公主三岁半.txt */ = {isa = PBXFileReference; fileEncoding = 4; lastKnownFileType = text; path = "团宠公主三岁半.txt"; sourceTree = "<group>"; };
		63A3F43525A8099500D0801E /* 王的女人谁敢动.txt */ = {isa = PBXFileReference; fileEncoding = 4; lastKnownFileType = text; path = "王的女人谁敢动.txt"; sourceTree = "<group>"; };
		63A3F43625A8099600D0801E /* 神医魔后不好惹.txt */ = {isa = PBXFileReference; fileEncoding = 4; lastKnownFileType = text; path = "神医魔后不好惹.txt"; sourceTree = "<group>"; };
		63A3F43725A8099600D0801E /* 丑女神医农门太子妃.txt */ = {isa = PBXFileReference; fileEncoding = 4; lastKnownFileType = text; path = "丑女神医农门太子妃.txt"; sourceTree = "<group>"; };
		63A3F43925A8099600D0801E /* 废柴嫡女要翻天.txt */ = {isa = PBXFileReference; fileEncoding = 4; lastKnownFileType = text; path = "废柴嫡女要翻天.txt"; sourceTree = "<group>"; };
		63A3F43A25A8099700D0801E /* 邪帝的神医弃妃.txt */ = {isa = PBXFileReference; fileEncoding = 4; lastKnownFileType = text; path = "邪帝的神医弃妃.txt"; sourceTree = "<group>"; };
		63C16583258694390017BB3E /* BaseCollectionViewCell.h */ = {isa = PBXFileReference; lastKnownFileType = sourcecode.c.h; path = BaseCollectionViewCell.h; sourceTree = "<group>"; };
		63C16584258694390017BB3E /* BaseCollectionViewCell.m */ = {isa = PBXFileReference; lastKnownFileType = sourcecode.c.objc; path = BaseCollectionViewCell.m; sourceTree = "<group>"; };
		63C88E6825A57084002DDF08 /* UINavigationController+back.h */ = {isa = PBXFileReference; lastKnownFileType = sourcecode.c.h; path = "UINavigationController+back.h"; sourceTree = "<group>"; };
		63C88E6925A57084002DDF08 /* UINavigationController+back.m */ = {isa = PBXFileReference; lastKnownFileType = sourcecode.c.objc; path = "UINavigationController+back.m"; sourceTree = "<group>"; };
		63C88E6B25A595E2002DDF08 /* ReadStateDefault.h */ = {isa = PBXFileReference; lastKnownFileType = sourcecode.c.h; path = ReadStateDefault.h; sourceTree = "<group>"; };
		63C88E6C25A595E2002DDF08 /* ReadStateDefault.m */ = {isa = PBXFileReference; lastKnownFileType = sourcecode.c.objc; path = ReadStateDefault.m; sourceTree = "<group>"; };
		63C88E6E25A5BED8002DDF08 /* YYModel.framework */ = {isa = PBXFileReference; explicitFileType = wrapper.framework; path = YYModel.framework; sourceTree = BUILT_PRODUCTS_DIR; };
		63C88E7425A5BEEA002DDF08 /* AFNetworking.framework */ = {isa = PBXFileReference; explicitFileType = wrapper.framework; path = AFNetworking.framework; sourceTree = BUILT_PRODUCTS_DIR; };
		63C88E7725A5BEED002DDF08 /* HMSegmentedControl.framework */ = {isa = PBXFileReference; explicitFileType = wrapper.framework; path = HMSegmentedControl.framework; sourceTree = BUILT_PRODUCTS_DIR; };
		63C88E7A25A5BEF2002DDF08 /* Masonry.framework */ = {isa = PBXFileReference; explicitFileType = wrapper.framework; path = Masonry.framework; sourceTree = BUILT_PRODUCTS_DIR; };
		63C88E7D25A5BF00002DDF08 /* MBProgressHUD.framework */ = {isa = PBXFileReference; explicitFileType = wrapper.framework; path = MBProgressHUD.framework; sourceTree = BUILT_PRODUCTS_DIR; };
		63CE6660259DBF31007AFFB4 /* JGMineTableViewCell.h */ = {isa = PBXFileReference; lastKnownFileType = sourcecode.c.h; path = JGMineTableViewCell.h; sourceTree = "<group>"; };
		63CE6661259DBF31007AFFB4 /* JGMineTableViewCell.m */ = {isa = PBXFileReference; lastKnownFileType = sourcecode.c.objc; path = JGMineTableViewCell.m; sourceTree = "<group>"; };
		63E565432592F6FE003C5F06 /* ChapterModel.m */ = {isa = PBXFileReference; fileEncoding = 4; lastKnownFileType = sourcecode.c.objc; path = ChapterModel.m; sourceTree = "<group>"; };
		63E565442592F6FE003C5F06 /* ReadTool.m */ = {isa = PBXFileReference; fileEncoding = 4; lastKnownFileType = sourcecode.c.objc; path = ReadTool.m; sourceTree = "<group>"; };
		63E565452592F6FE003C5F06 /* ReadTool.h */ = {isa = PBXFileReference; fileEncoding = 4; lastKnownFileType = sourcecode.c.h; path = ReadTool.h; sourceTree = "<group>"; };
		63E565462592F6FE003C5F06 /* ChapterModel.h */ = {isa = PBXFileReference; fileEncoding = 4; lastKnownFileType = sourcecode.c.h; path = ChapterModel.h; sourceTree = "<group>"; };
		63E565482592F6FF003C5F06 /* BottomMenuView.h */ = {isa = PBXFileReference; fileEncoding = 4; lastKnownFileType = sourcecode.c.h; path = BottomMenuView.h; sourceTree = "<group>"; };
		63E565492592F6FF003C5F06 /* TopMenuView.m */ = {isa = PBXFileReference; fileEncoding = 4; lastKnownFileType = sourcecode.c.objc; path = TopMenuView.m; sourceTree = "<group>"; };
		63E5654A2592F6FF003C5F06 /* MenuView.h */ = {isa = PBXFileReference; fileEncoding = 4; lastKnownFileType = sourcecode.c.h; path = MenuView.h; sourceTree = "<group>"; };
		63E5654B2592F6FF003C5F06 /* ThemView.h */ = {isa = PBXFileReference; fileEncoding = 4; lastKnownFileType = sourcecode.c.h; path = ThemView.h; sourceTree = "<group>"; };
		63E5654C2592F6FF003C5F06 /* UIImage+ImageEffects.h */ = {isa = PBXFileReference; fileEncoding = 4; lastKnownFileType = sourcecode.c.h; path = "UIImage+ImageEffects.h"; sourceTree = "<group>"; };
		63E5654D2592F6FF003C5F06 /* ReadView.h */ = {isa = PBXFileReference; fileEncoding = 4; lastKnownFileType = sourcecode.c.h; path = ReadView.h; sourceTree = "<group>"; };
		63E5654E2592F6FF003C5F06 /* ThemView.m */ = {isa = PBXFileReference; fileEncoding = 4; lastKnownFileType = sourcecode.c.objc; path = ThemView.m; sourceTree = "<group>"; };
		63E5654F2592F6FF003C5F06 /* MenuView.m */ = {isa = PBXFileReference; fileEncoding = 4; lastKnownFileType = sourcecode.c.objc; path = MenuView.m; sourceTree = "<group>"; };
		63E565502592F6FF003C5F06 /* TopMenuView.h */ = {isa = PBXFileReference; fileEncoding = 4; lastKnownFileType = sourcecode.c.h; path = TopMenuView.h; sourceTree = "<group>"; };
		63E565512592F6FF003C5F06 /* BottomMenuView.m */ = {isa = PBXFileReference; fileEncoding = 4; lastKnownFileType = sourcecode.c.objc; path = BottomMenuView.m; sourceTree = "<group>"; };
		63E565522592F6FF003C5F06 /* ReadView.m */ = {isa = PBXFileReference; fileEncoding = 4; lastKnownFileType = sourcecode.c.objc; path = ReadView.m; sourceTree = "<group>"; };
		63E565532592F6FF003C5F06 /* UIImage+ImageEffects.m */ = {isa = PBXFileReference; fileEncoding = 4; lastKnownFileType = sourcecode.c.objc; path = "UIImage+ImageEffects.m"; sourceTree = "<group>"; };
		63E565552592F6FF003C5F06 /* Const_UI.h */ = {isa = PBXFileReference; fileEncoding = 4; lastKnownFileType = sourcecode.c.h; path = Const_UI.h; sourceTree = "<group>"; };
		63E565572592F6FF003C5F06 /* UIView+JZExtension.h */ = {isa = PBXFileReference; fileEncoding = 4; lastKnownFileType = sourcecode.c.h; path = "UIView+JZExtension.h"; sourceTree = "<group>"; };
		63E565592592F6FF003C5F06 /* UIView+JZExtension.m */ = {isa = PBXFileReference; fileEncoding = 4; lastKnownFileType = sourcecode.c.objc; path = "UIView+JZExtension.m"; sourceTree = "<group>"; };
		63E5655B2592F6FF003C5F06 /* ReadViewController.m */ = {isa = PBXFileReference; fileEncoding = 4; lastKnownFileType = sourcecode.c.objc; path = ReadViewController.m; sourceTree = "<group>"; };
		63E5655C2592F6FF003C5F06 /* CurrentReadController.h */ = {isa = PBXFileReference; fileEncoding = 4; lastKnownFileType = sourcecode.c.h; path = CurrentReadController.h; sourceTree = "<group>"; };
		63E5655D2592F6FF003C5F06 /* CoverController.h */ = {isa = PBXFileReference; fileEncoding = 4; lastKnownFileType = sourcecode.c.h; path = CoverController.h; sourceTree = "<group>"; };
		63E5655E2592F6FF003C5F06 /* CurrentReadController.m */ = {isa = PBXFileReference; fileEncoding = 4; lastKnownFileType = sourcecode.c.objc; path = CurrentReadController.m; sourceTree = "<group>"; };
		63E5655F2592F6FF003C5F06 /* ReadViewController.h */ = {isa = PBXFileReference; fileEncoding = 4; lastKnownFileType = sourcecode.c.h; path = ReadViewController.h; sourceTree = "<group>"; };
		63E565602592F6FF003C5F06 /* CoverController.m */ = {isa = PBXFileReference; fileEncoding = 4; lastKnownFileType = sourcecode.c.objc; path = CoverController.m; sourceTree = "<group>"; };
		63E5656E259308AA003C5F06 /* JGModel.h */ = {isa = PBXFileReference; lastKnownFileType = sourcecode.c.h; path = JGModel.h; sourceTree = "<group>"; };
		63E5656F259308AB003C5F06 /* JGModel.m */ = {isa = PBXFileReference; lastKnownFileType = sourcecode.c.objc; path = JGModel.m; sourceTree = "<group>"; };
		63E5657525930D67003C5F06 /* APIS.h */ = {isa = PBXFileReference; lastKnownFileType = sourcecode.c.h; path = APIS.h; sourceTree = "<group>"; };
		63E5657625930E48003C5F06 /* NetWorkManager.h */ = {isa = PBXFileReference; lastKnownFileType = sourcecode.c.h; path = NetWorkManager.h; sourceTree = "<group>"; };
		63E5657725930E48003C5F06 /* NetWorkManager.m */ = {isa = PBXFileReference; lastKnownFileType = sourcecode.c.objc; path = NetWorkManager.m; sourceTree = "<group>"; };
		63E9698025A563A5008576EA /* ReadMainViewController.m */ = {isa = PBXFileReference; fileEncoding = 4; lastKnownFileType = sourcecode.c.objc; path = ReadMainViewController.m; sourceTree = "<group>"; };
		63E9698125A563A5008576EA /* ReadMainViewController.h */ = {isa = PBXFileReference; fileEncoding = 4; lastKnownFileType = sourcecode.c.h; path = ReadMainViewController.h; sourceTree = "<group>"; };
		63E9698325A564BF008576EA /* ReadFrameFile.m */ = {isa = PBXFileReference; fileEncoding = 4; lastKnownFileType = sourcecode.c.objc; path = ReadFrameFile.m; sourceTree = "<group>"; };
		63E9698425A564BF008576EA /* ReadFrameFile.h */ = {isa = PBXFileReference; fileEncoding = 4; lastKnownFileType = sourcecode.c.h; path = ReadFrameFile.h; sourceTree = "<group>"; };
		63E9698625A566EE008576EA /* NSString+Read.m */ = {isa = PBXFileReference; fileEncoding = 4; lastKnownFileType = sourcecode.c.objc; path = "NSString+Read.m"; sourceTree = "<group>"; };
		63E9698725A566EE008576EA /* NSString+Read.h */ = {isa = PBXFileReference; fileEncoding = 4; lastKnownFileType = sourcecode.c.h; path = "NSString+Read.h"; sourceTree = "<group>"; };
		851A3963E245A7F4C825191B /* Pods-Read.debug.xcconfig */ = {isa = PBXFileReference; includeInIndex = 1; lastKnownFileType = text.xcconfig; name = "Pods-Read.debug.xcconfig"; path = "Target Support Files/Pods-Read/Pods-Read.debug.xcconfig"; sourceTree = "<group>"; };
		D73D46E33370BED069864BE6 /* Pods_Read.framework */ = {isa = PBXFileReference; explicitFileType = wrapper.framework; includeInIndex = 0; path = Pods_Read.framework; sourceTree = BUILT_PRODUCTS_DIR; };
/* End PBXFileReference section */

/* Begin PBXFrameworksBuildPhase section */
		632D9827258320D600B2BBCF /* Frameworks */ = {
			isa = PBXFrameworksBuildPhase;
			buildActionMask = 2147483647;
			files = (
			);
			runOnlyForDeploymentPostprocessing = 0;
		};
/* End PBXFrameworksBuildPhase section */

/* Begin PBXGroup section */
		1D3F0101DD72A1A1A8230C2E /* Pods */ = {
			isa = PBXGroup;
			children = (
				851A3963E245A7F4C825191B /* Pods-Read.debug.xcconfig */,
				371807930B40CBBEC32CA08D /* Pods-Read.release.xcconfig */,
			);
			path = Pods;
			sourceTree = "<group>";
		};
		630F315125A56CDA002E0440 /* Comic */ = {
			isa = PBXGroup;
			children = (
				630F315325A56CFD002E0440 /* Controller */,
				630F315225A56CF3002E0440 /* View */,
			);
			path = Comic;
			sourceTree = "<group>";
		};
		630F315225A56CF3002E0440 /* View */ = {
			isa = PBXGroup;
			children = (
				6396A4D425A31E72008F1100 /* JGComicHead.h */,
				6396A4D525A31E72008F1100 /* JGComicHead.m */,
			);
			path = View;
			sourceTree = "<group>";
		};
		630F315325A56CFD002E0440 /* Controller */ = {
			isa = PBXGroup;
			children = (
				6396A4D725A320FC008F1100 /* JGComicViewController.h */,
				6396A4D825A320FC008F1100 /* JGComicViewController.m */,
			);
			path = Controller;
			sourceTree = "<group>";
		};
		632D9821258320D600B2BBCF = {
			isa = PBXGroup;
			children = (
				632D982C258320D600B2BBCF /* Read */,
				632D982B258320D600B2BBCF /* Products */,
				1D3F0101DD72A1A1A8230C2E /* Pods */,
				67460325CB4D23A27E763D20 /* Frameworks */,
			);
			sourceTree = "<group>";
		};
		632D982B258320D600B2BBCF /* Products */ = {
			isa = PBXGroup;
			children = (
				632D982A258320D600B2BBCF /* jjyd.app */,
			);
			name = Products;
			sourceTree = "<group>";
		};
		632D982C258320D600B2BBCF /* Read */ = {
			isa = PBXGroup;
			children = (
				63E9698125A563A5008576EA /* ReadMainViewController.h */,
				63E9698025A563A5008576EA /* ReadMainViewController.m */,
				63E9698725A566EE008576EA /* NSString+Read.h */,
				63E9698625A566EE008576EA /* NSString+Read.m */,
				63E9698425A564BF008576EA /* ReadFrameFile.h */,
				63E9698325A564BF008576EA /* ReadFrameFile.m */,
				637B180525973CA400C04C75 /* Book */,
				63E5657125930AC1003C5F06 /* Api */,
				63E5655A2592F6FF003C5F06 /* Controller */,
				63E565422592F6FE003C5F06 /* model */,
				63E565542592F6FF003C5F06 /* Other */,
				63E565472592F6FF003C5F06 /* View */,
				63CE665A259DBBD8007AFFB4 /* Mine */,
				63CE665D259DBCA7007AFFB4 /* RankList */,
				630F315125A56CDA002E0440 /* Comic */,
				63565DDF259B2F9000187730 /* Boutique */,
				63364EE025B034D000D198C2 /* Category */,
				632D982D258320D600B2BBCF /* AppDelegate.h */,
				632D982E258320D600B2BBCF /* AppDelegate.m */,
				632D9839258320D900B2BBCF /* Assets.xcassets */,
				632D983B258320D900B2BBCF /* LaunchScreen.storyboard */,
				632D983E258320D900B2BBCF /* Info.plist */,
				632D983F258320D900B2BBCF /* main.m */,
				632D98602583788500B2BBCF /* Globe.h */,
				635FB0EB25957BE100144B5B /* TabBarController.h */,
				635FB0EC25957BE100144B5B /* TabBarController.m */,
				63C88E6B25A595E2002DDF08 /* ReadStateDefault.h */,
				63C88E6C25A595E2002DDF08 /* ReadStateDefault.m */,
			);
			path = Read;
			sourceTree = "<group>";
		};
		63364EE025B034D000D198C2 /* Category */ = {
			isa = PBXGroup;
			children = (
				63364EE225B034F000D198C2 /* Controller */,
				63364EE125B034EA00D198C2 /* View */,
			);
			path = Category;
			sourceTree = "<group>";
		};
		63364EE125B034EA00D198C2 /* View */ = {
			isa = PBXGroup;
			children = (
				63364EE325B035E500D198C2 /* CategoryViewCell.h */,
				63364EE425B035E500D198C2 /* CategoryViewCell.m */,
			);
			path = View;
			sourceTree = "<group>";
		};
		63364EE225B034F000D198C2 /* Controller */ = {
			isa = PBXGroup;
			children = (
				63364EE825B036B500D198C2 /* CategoryViewController.h */,
				63364EE925B036B500D198C2 /* CategoryViewController.m */,
			);
			path = Controller;
			sourceTree = "<group>";
		};
		63565DDF259B2F9000187730 /* Boutique */ = {
			isa = PBXGroup;
			children = (
				63565DE1259B2FA500187730 /* Controller */,
				63565DE0259B2F9B00187730 /* View */,
			);
			path = Boutique;
			sourceTree = "<group>";
		};
		63565DE0259B2F9B00187730 /* View */ = {
			isa = PBXGroup;
			children = (
				63565DDC259B2B1400187730 /* JGBoutiqueCell.h */,
				63565DDD259B2B1400187730 /* JGBoutiqueCell.m */,
				63A3F42F25A7FF3B00D0801E /* JGBoutiqueViewCell.h */,
				63A3F42E25A7FF3B00D0801E /* JGBoutiqueViewCell.m */,
				63565DE2259B301400187730 /* JGBoutiqueHeadCell.h */,
				63565DE3259B301400187730 /* JGBoutiqueHeadCell.m */,
			);
			path = View;
			sourceTree = "<group>";
		};
		63565DE1259B2FA500187730 /* Controller */ = {
			isa = PBXGroup;
			children = (
				637B1830259740A400C04C75 /* JGBoutiqueListController.h */,
				637B1831259740A400C04C75 /* JGBoutiqueListController.m */,
			);
			path = Controller;
			sourceTree = "<group>";
		};
		637B180525973CA400C04C75 /* Book */ = {
			isa = PBXGroup;
			children = (
				637B17FF2597396500C04C75 /* 至尊毒妃邪王的盛宠娇妃.txt */,
				637B180325973A5200C04C75 /* 富贵小丫鬟.txt */,
				63A3F43725A8099600D0801E /* 丑女神医农门太子妃.txt */,
				637B181025973CB300C04C75 /* 穿书后嫁给前夫他舅舅.txt */,
				63A3F43925A8099600D0801E /* 废柴嫡女要翻天.txt */,
				63A3F43625A8099600D0801E /* 神医魔后不好惹.txt */,
				63A3F43225A8099400D0801E /* 兽黑狂妃皇叔逆天宠.txt */,
				63A3F43425A8099500D0801E /* 团宠公主三岁半.txt */,
				63A3F43525A8099500D0801E /* 王的女人谁敢动.txt */,
				63A3F43A25A8099700D0801E /* 邪帝的神医弃妃.txt */,
				637B181525973CB400C04C75 /* 元后传.txt */,
				63A3F43125A8099400D0801E /* 皇叔溺宠废材小医妃.txt */,
			);
			path = Book;
			sourceTree = "<group>";
		};
		63C90F63259488F600E9DD80 /* Base */ = {
			isa = PBXGroup;
			children = (
				632D98462583212F00B2BBCF /* BaseViewController.h */,
				632D98472583212F00B2BBCF /* BaseViewController.m */,
				632D9849258324B300B2BBCF /* MainViewController.h */,
				632D984A258324B400B2BBCF /* MainViewController.m */,
				632D984F25834B2A00B2BBCF /* PageViewController.h */,
				632D985025834B2A00B2BBCF /* PageViewController.m */,
			);
			path = Base;
			sourceTree = "<group>";
		};
		63CE665A259DBBD8007AFFB4 /* Mine */ = {
			isa = PBXGroup;
			children = (
				63CE665C259DBBF6007AFFB4 /* Controller */,
				63CE665B259DBBF1007AFFB4 /* View */,
			);
			path = Mine;
			sourceTree = "<group>";
		};
		63CE665B259DBBF1007AFFB4 /* View */ = {
			isa = PBXGroup;
			children = (
				63CE6660259DBF31007AFFB4 /* JGMineTableViewCell.h */,
				63CE6661259DBF31007AFFB4 /* JGMineTableViewCell.m */,
			);
			path = View;
			sourceTree = "<group>";
		};
		63CE665C259DBBF6007AFFB4 /* Controller */ = {
			isa = PBXGroup;
			children = (
				635FB0F125965DAA00144B5B /* JGMineViewController.h */,
				635FB0F225965DAA00144B5B /* JGMineViewController.m */,
			);
			path = Controller;
			sourceTree = "<group>";
		};
		63CE665D259DBCA7007AFFB4 /* RankList */ = {
			isa = PBXGroup;
			children = (
				63CE665F259DBCB9007AFFB4 /* View */,
				63CE665E259DBCB2007AFFB4 /* Controller */,
			);
			path = RankList;
			sourceTree = "<group>";
		};
		63CE665E259DBCB2007AFFB4 /* Controller */ = {
			isa = PBXGroup;
			children = (
				632D985D258375DD00B2BBCF /* JFRankViewController.h */,
				632D985E258375DD00B2BBCF /* JFRankViewController.m */,
			);
			path = Controller;
			sourceTree = "<group>";
		};
		63CE665F259DBCB9007AFFB4 /* View */ = {
			isa = PBXGroup;
			children = (
				632D98612583818800B2BBCF /* JGRankViewCell.h */,
				632D98622583818800B2BBCF /* JGRankViewCell.m */,
			);
			path = View;
			sourceTree = "<group>";
		};
		63E565422592F6FE003C5F06 /* model */ = {
			isa = PBXGroup;
			children = (
				63E565462592F6FE003C5F06 /* ChapterModel.h */,
				63E565432592F6FE003C5F06 /* ChapterModel.m */,
				63E565442592F6FE003C5F06 /* ReadTool.m */,
				63E565452592F6FE003C5F06 /* ReadTool.h */,
			);
			path = model;
			sourceTree = "<group>";
		};
		63E565472592F6FF003C5F06 /* View */ = {
			isa = PBXGroup;
			children = (
				632088AD25A4613A001290E3 /* UIImage+Blur.h */,
				632088AE25A4613A001290E3 /* UIImage+Blur.m */,
				63C88E6825A57084002DDF08 /* UINavigationController+back.h */,
				63C88E6925A57084002DDF08 /* UINavigationController+back.m */,
				632D985A2583718100B2BBCF /* BaseTableViewCell.h */,
				632D985B2583718100B2BBCF /* BaseTableViewCell.m */,
				63C16583258694390017BB3E /* BaseCollectionViewCell.h */,
				63C16584258694390017BB3E /* BaseCollectionViewCell.m */,
				63E565482592F6FF003C5F06 /* BottomMenuView.h */,
				63E565492592F6FF003C5F06 /* TopMenuView.m */,
				63E5654A2592F6FF003C5F06 /* MenuView.h */,
				63E5654B2592F6FF003C5F06 /* ThemView.h */,
				63E5654C2592F6FF003C5F06 /* UIImage+ImageEffects.h */,
				63E5654D2592F6FF003C5F06 /* ReadView.h */,
				63E5654E2592F6FF003C5F06 /* ThemView.m */,
				63E5654F2592F6FF003C5F06 /* MenuView.m */,
				63E565502592F6FF003C5F06 /* TopMenuView.h */,
				63E565512592F6FF003C5F06 /* BottomMenuView.m */,
				63E565522592F6FF003C5F06 /* ReadView.m */,
				63E565532592F6FF003C5F06 /* UIImage+ImageEffects.m */,
			);
			path = View;
			sourceTree = "<group>";
		};
		63E565542592F6FF003C5F06 /* Other */ = {
			isa = PBXGroup;
			children = (
				63E565552592F6FF003C5F06 /* Const_UI.h */,
				63E565572592F6FF003C5F06 /* UIView+JZExtension.h */,
				63E565592592F6FF003C5F06 /* UIView+JZExtension.m */,
			);
			path = Other;
			sourceTree = "<group>";
		};
		63E5655A2592F6FF003C5F06 /* Controller */ = {
			isa = PBXGroup;
			children = (
				63C90F63259488F600E9DD80 /* Base */,
				63E5655F2592F6FF003C5F06 /* ReadViewController.h */,
				63E5655B2592F6FF003C5F06 /* ReadViewController.m */,
				63E5655C2592F6FF003C5F06 /* CurrentReadController.h */,
				63E5655E2592F6FF003C5F06 /* CurrentReadController.m */,
				63E5655D2592F6FF003C5F06 /* CoverController.h */,
				63E565602592F6FF003C5F06 /* CoverController.m */,
			);
			path = Controller;
			sourceTree = "<group>";
		};
		63E5657125930AC1003C5F06 /* Api */ = {
			isa = PBXGroup;
			children = (
				63E5656E259308AA003C5F06 /* JGModel.h */,
				63E5656F259308AB003C5F06 /* JGModel.m */,
				63E5657525930D67003C5F06 /* APIS.h */,
				63E5657625930E48003C5F06 /* NetWorkManager.h */,
				63E5657725930E48003C5F06 /* NetWorkManager.m */,
			);
			path = Api;
			sourceTree = "<group>";
		};
		67460325CB4D23A27E763D20 /* Frameworks */ = {
			isa = PBXGroup;
			children = (
				6348D98525A8416E00227D0A /* Pods_Read.framework */,
				63C88E7D25A5BF00002DDF08 /* MBProgressHUD.framework */,
				63C88E7A25A5BEF2002DDF08 /* Masonry.framework */,
				63C88E7725A5BEED002DDF08 /* HMSegmentedControl.framework */,
				63C88E7425A5BEEA002DDF08 /* AFNetworking.framework */,
				63C88E6E25A5BED8002DDF08 /* YYModel.framework */,
				D73D46E33370BED069864BE6 /* Pods_Read.framework */,
			);
			name = Frameworks;
			sourceTree = "<group>";
		};
/* End PBXGroup section */

/* Begin PBXNativeTarget section */
		632D9829258320D600B2BBCF /* Read */ = {
			isa = PBXNativeTarget;
			buildConfigurationList = 632D9843258320D900B2BBCF /* Build configuration list for PBXNativeTarget "Read" */;
			buildPhases = (
				C4407606D666D70F3EA3910C /* [CP] Check Pods Manifest.lock */,
				632D9826258320D600B2BBCF /* Sources */,
				632D9827258320D600B2BBCF /* Frameworks */,
				632D9828258320D600B2BBCF /* Resources */,
				8F94D77152E2E5723155B816 /* [CP] Embed Pods Frameworks */,
			);
			buildRules = (
			);
			dependencies = (
			);
			name = Read;
			productName = Read;
			productReference = 632D982A258320D600B2BBCF /* jjyd.app */;
			productType = "com.apple.product-type.application";
		};
/* End PBXNativeTarget section */

/* Begin PBXProject section */
		632D9822258320D600B2BBCF /* Project object */ = {
			isa = PBXProject;
			attributes = {
				LastUpgradeCheck = 1170;
				ORGANIZATIONNAME = Jarvis;
				TargetAttributes = {
					632D9829258320D600B2BBCF = {
						CreatedOnToolsVersion = 11.7;
					};
				};
			};
			buildConfigurationList = 632D9825258320D600B2BBCF /* Build configuration list for PBXProject "Read" */;
			compatibilityVersion = "Xcode 9.3";
			developmentRegion = en;
			hasScannedForEncodings = 0;
			knownRegions = (
				en,
				Base,
			);
			mainGroup = 632D9821258320D600B2BBCF;
			productRefGroup = 632D982B258320D600B2BBCF /* Products */;
			projectDirPath = "";
			projectRoot = "";
			targets = (
				632D9829258320D600B2BBCF /* Read */,
			);
		};
/* End PBXProject section */

/* Begin PBXResourcesBuildPhase section */
		632D9828258320D600B2BBCF /* Resources */ = {
			isa = PBXResourcesBuildPhase;
			buildActionMask = 2147483647;
			files = (
				637B182525973CB400C04C75 /* 穿书后嫁给前夫他舅舅.txt in Resources */,
				63A3F43C25A8099700D0801E /* 兽黑狂妃皇叔逆天宠.txt in Resources */,
				63A3F43E25A8099700D0801E /* 团宠公主三岁半.txt in Resources */,
				63A3F43B25A8099700D0801E /* 皇叔溺宠废材小医妃.txt in Resources */,
				637B182A25973CB400C04C75 /* 元后传.txt in Resources */,
				637B18002597396500C04C75 /* 至尊毒妃邪王的盛宠娇妃.txt in Resources */,
				63A3F44425A8099700D0801E /* 邪帝的神医弃妃.txt in Resources */,
				63A3F43F25A8099700D0801E /* 王的女人谁敢动.txt in Resources */,
				632D983D258320D900B2BBCF /* LaunchScreen.storyboard in Resources */,
				63A3F44125A8099700D0801E /* 丑女神医农门太子妃.txt in Resources */,
				63A3F44325A8099700D0801E /* 废柴嫡女要翻天.txt in Resources */,
				637B180425973A5200C04C75 /* 富贵小丫鬟.txt in Resources */,
				63A3F44025A8099700D0801E /* 神医魔后不好惹.txt in Resources */,
				632D983A258320D900B2BBCF /* Assets.xcassets in Resources */,
			);
			runOnlyForDeploymentPostprocessing = 0;
		};
/* End PBXResourcesBuildPhase section */

/* Begin PBXShellScriptBuildPhase section */
		8F94D77152E2E5723155B816 /* [CP] Embed Pods Frameworks */ = {
			isa = PBXShellScriptBuildPhase;
			buildActionMask = 2147483647;
			files = (
			);
			inputFileListPaths = (
				"${PODS_ROOT}/Target Support Files/Pods-Read/Pods-Read-frameworks-${CONFIGURATION}-input-files.xcfilelist",
			);
			name = "[CP] Embed Pods Frameworks";
			outputFileListPaths = (
				"${PODS_ROOT}/Target Support Files/Pods-Read/Pods-Read-frameworks-${CONFIGURATION}-output-files.xcfilelist",
			);
			runOnlyForDeploymentPostprocessing = 0;
			shellPath = /bin/sh;
			shellScript = "\"${PODS_ROOT}/Target Support Files/Pods-Read/Pods-Read-frameworks.sh\"\n";
			showEnvVarsInLog = 0;
		};
		C4407606D666D70F3EA3910C /* [CP] Check Pods Manifest.lock */ = {
			isa = PBXShellScriptBuildPhase;
			buildActionMask = 2147483647;
			files = (
			);
			inputFileListPaths = (
			);
			inputPaths = (
				"${PODS_PODFILE_DIR_PATH}/Podfile.lock",
				"${PODS_ROOT}/Manifest.lock",
			);
			name = "[CP] Check Pods Manifest.lock";
			outputFileListPaths = (
			);
			outputPaths = (
				"$(DERIVED_FILE_DIR)/Pods-Read-checkManifestLockResult.txt",
			);
			runOnlyForDeploymentPostprocessing = 0;
			shellPath = /bin/sh;
			shellScript = "diff \"${PODS_PODFILE_DIR_PATH}/Podfile.lock\" \"${PODS_ROOT}/Manifest.lock\" > /dev/null\nif [ $? != 0 ] ; then\n    # print error to STDERR\n    echo \"error: The sandbox is not in sync with the Podfile.lock. Run 'pod install' or update your CocoaPods installation.\" >&2\n    exit 1\nfi\n# This output is used by Xcode 'outputs' to avoid re-running this script phase.\necho \"SUCCESS\" > \"${SCRIPT_OUTPUT_FILE_0}\"\n";
			showEnvVarsInLog = 0;
		};
/* End PBXShellScriptBuildPhase section */

/* Begin PBXSourcesBuildPhase section */
		632D9826258320D600B2BBCF /* Sources */ = {
			isa = PBXSourcesBuildPhase;
			buildActionMask = 2147483647;
			files = (
				63E5656D2592F6FF003C5F06 /* CoverController.m in Sources */,
				63E9698525A564C0008576EA /* ReadFrameFile.m in Sources */,
				63E565652592F6FF003C5F06 /* MenuView.m in Sources */,
				6396A4D625A31E72008F1100 /* JGComicHead.m in Sources */,
				632D98482583212F00B2BBCF /* BaseViewController.m in Sources */,
				632D985F258375DD00B2BBCF /* JFRankViewController.m in Sources */,
				63E565672592F6FF003C5F06 /* ReadView.m in Sources */,
				63E5657825930E48003C5F06 /* NetWorkManager.m in Sources */,
				632088AF25A4613A001290E3 /* UIImage+Blur.m in Sources */,
				63C16585258694390017BB3E /* BaseCollectionViewCell.m in Sources */,
				635FB0F325965DAA00144B5B /* JGMineViewController.m in Sources */,
				63E9698825A566EE008576EA /* NSString+Read.m in Sources */,
				63565DDE259B2B1400187730 /* JGBoutiqueCell.m in Sources */,
				63E56570259308AB003C5F06 /* JGModel.m in Sources */,
				635FB0ED25957BE100144B5B /* TabBarController.m in Sources */,
				63E5656C2592F6FF003C5F06 /* CurrentReadController.m in Sources */,
				63364EEA25B036B500D198C2 /* CategoryViewController.m in Sources */,
				63565DE4259B301400187730 /* JGBoutiqueHeadCell.m in Sources */,
				63C88E6D25A595E2002DDF08 /* ReadStateDefault.m in Sources */,
				63E565622592F6FF003C5F06 /* ReadTool.m in Sources */,
				632D98632583818800B2BBCF /* JGRankViewCell.m in Sources */,
				63E565642592F6FF003C5F06 /* ThemView.m in Sources */,
				63A3F43025A7FF3B00D0801E /* JGBoutiqueViewCell.m in Sources */,
				63E5656A2592F6FF003C5F06 /* UIView+JZExtension.m in Sources */,
				637B1832259740A400C04C75 /* JGBoutiqueListController.m in Sources */,
				63E565612592F6FF003C5F06 /* ChapterModel.m in Sources */,
				6396A4D925A320FC008F1100 /* JGComicViewController.m in Sources */,
				632D982F258320D600B2BBCF /* AppDelegate.m in Sources */,
				63CE6662259DBF31007AFFB4 /* JGMineTableViewCell.m in Sources */,
				63C88E6A25A57084002DDF08 /* UINavigationController+back.m in Sources */,
				632D984B258324B400B2BBCF /* MainViewController.m in Sources */,
				632D985125834B2A00B2BBCF /* PageViewController.m in Sources */,
				63364EE525B035E500D198C2 /* CategoryViewCell.m in Sources */,
				63E565632592F6FF003C5F06 /* TopMenuView.m in Sources */,
				63E5656B2592F6FF003C5F06 /* ReadViewController.m in Sources */,
				63E565682592F6FF003C5F06 /* UIImage+ImageEffects.m in Sources */,
				63E565662592F6FF003C5F06 /* BottomMenuView.m in Sources */,
				632D985C2583718100B2BBCF /* BaseTableViewCell.m in Sources */,
				63E9698225A563A5008576EA /* ReadMainViewController.m in Sources */,
				632D9840258320D900B2BBCF /* main.m in Sources */,
			);
			runOnlyForDeploymentPostprocessing = 0;
		};
/* End PBXSourcesBuildPhase section */

/* Begin PBXVariantGroup section */
		632D983B258320D900B2BBCF /* LaunchScreen.storyboard */ = {
			isa = PBXVariantGroup;
			children = (
				632D983C258320D900B2BBCF /* Base */,
			);
			name = LaunchScreen.storyboard;
			sourceTree = "<group>";
		};
/* End PBXVariantGroup section */

/* Begin XCBuildConfiguration section */
		632D9841258320D900B2BBCF /* Debug */ = {
			isa = XCBuildConfiguration;
			buildSettings = {
				ALWAYS_SEARCH_USER_PATHS = NO;
				CLANG_ANALYZER_NONNULL = YES;
				CLANG_ANALYZER_NUMBER_OBJECT_CONVERSION = YES_AGGRESSIVE;
				CLANG_CXX_LANGUAGE_STANDARD = "gnu++14";
				CLANG_CXX_LIBRARY = "libc++";
				CLANG_ENABLE_MODULES = YES;
				CLANG_ENABLE_OBJC_ARC = YES;
				CLANG_ENABLE_OBJC_WEAK = YES;
				CLANG_WARN_BLOCK_CAPTURE_AUTORELEASING = YES;
				CLANG_WARN_BOOL_CONVERSION = YES;
				CLANG_WARN_COMMA = YES;
				CLANG_WARN_CONSTANT_CONVERSION = YES;
				CLANG_WARN_DEPRECATED_OBJC_IMPLEMENTATIONS = YES;
				CLANG_WARN_DIRECT_OBJC_ISA_USAGE = YES_ERROR;
				CLANG_WARN_DOCUMENTATION_COMMENTS = YES;
				CLANG_WARN_EMPTY_BODY = YES;
				CLANG_WARN_ENUM_CONVERSION = YES;
				CLANG_WARN_INFINITE_RECURSION = YES;
				CLANG_WARN_INT_CONVERSION = YES;
				CLANG_WARN_NON_LITERAL_NULL_CONVERSION = YES;
				CLANG_WARN_OBJC_IMPLICIT_RETAIN_SELF = YES;
				CLANG_WARN_OBJC_LITERAL_CONVERSION = YES;
				CLANG_WARN_OBJC_ROOT_CLASS = YES_ERROR;
				CLANG_WARN_RANGE_LOOP_ANALYSIS = YES;
				CLANG_WARN_STRICT_PROTOTYPES = YES;
				CLANG_WARN_SUSPICIOUS_MOVE = YES;
				CLANG_WARN_UNGUARDED_AVAILABILITY = YES_AGGRESSIVE;
				CLANG_WARN_UNREACHABLE_CODE = YES;
				CLANG_WARN__DUPLICATE_METHOD_MATCH = YES;
				COPY_PHASE_STRIP = NO;
				DEBUG_INFORMATION_FORMAT = dwarf;
				ENABLE_STRICT_OBJC_MSGSEND = YES;
				ENABLE_TESTABILITY = YES;
				GCC_C_LANGUAGE_STANDARD = gnu11;
				GCC_DYNAMIC_NO_PIC = NO;
				GCC_NO_COMMON_BLOCKS = YES;
				GCC_OPTIMIZATION_LEVEL = 0;
				GCC_PREPROCESSOR_DEFINITIONS = (
					"DEBUG=1",
					"$(inherited)",
				);
				GCC_WARN_64_TO_32_BIT_CONVERSION = YES;
				GCC_WARN_ABOUT_RETURN_TYPE = YES_ERROR;
				GCC_WARN_UNDECLARED_SELECTOR = YES;
				GCC_WARN_UNINITIALIZED_AUTOS = YES_AGGRESSIVE;
				GCC_WARN_UNUSED_FUNCTION = YES;
				GCC_WARN_UNUSED_VARIABLE = YES;
				IPHONEOS_DEPLOYMENT_TARGET = 13.0;
				MTL_ENABLE_DEBUG_INFO = INCLUDE_SOURCE;
				MTL_FAST_MATH = YES;
				ONLY_ACTIVE_ARCH = YES;
				SDKROOT = iphoneos;
			};
			name = Debug;
		};
		632D9842258320D900B2BBCF /* Release */ = {
			isa = XCBuildConfiguration;
			buildSettings = {
				ALWAYS_SEARCH_USER_PATHS = NO;
				CLANG_ANALYZER_NONNULL = YES;
				CLANG_ANALYZER_NUMBER_OBJECT_CONVERSION = YES_AGGRESSIVE;
				CLANG_CXX_LANGUAGE_STANDARD = "gnu++14";
				CLANG_CXX_LIBRARY = "libc++";
				CLANG_ENABLE_MODULES = YES;
				CLANG_ENABLE_OBJC_ARC = YES;
				CLANG_ENABLE_OBJC_WEAK = YES;
				CLANG_WARN_BLOCK_CAPTURE_AUTORELEASING = YES;
				CLANG_WARN_BOOL_CONVERSION = YES;
				CLANG_WARN_COMMA = YES;
				CLANG_WARN_CONSTANT_CONVERSION = YES;
				CLANG_WARN_DEPRECATED_OBJC_IMPLEMENTATIONS = YES;
				CLANG_WARN_DIRECT_OBJC_ISA_USAGE = YES_ERROR;
				CLANG_WARN_DOCUMENTATION_COMMENTS = YES;
				CLANG_WARN_EMPTY_BODY = YES;
				CLANG_WARN_ENUM_CONVERSION = YES;
				CLANG_WARN_INFINITE_RECURSION = YES;
				CLANG_WARN_INT_CONVERSION = YES;
				CLANG_WARN_NON_LITERAL_NULL_CONVERSION = YES;
				CLANG_WARN_OBJC_IMPLICIT_RETAIN_SELF = YES;
				CLANG_WARN_OBJC_LITERAL_CONVERSION = YES;
				CLANG_WARN_OBJC_ROOT_CLASS = YES_ERROR;
				CLANG_WARN_RANGE_LOOP_ANALYSIS = YES;
				CLANG_WARN_STRICT_PROTOTYPES = YES;
				CLANG_WARN_SUSPICIOUS_MOVE = YES;
				CLANG_WARN_UNGUARDED_AVAILABILITY = YES_AGGRESSIVE;
				CLANG_WARN_UNREACHABLE_CODE = YES;
				CLANG_WARN__DUPLICATE_METHOD_MATCH = YES;
				COPY_PHASE_STRIP = NO;
				DEBUG_INFORMATION_FORMAT = "dwarf-with-dsym";
				ENABLE_NS_ASSERTIONS = NO;
				ENABLE_STRICT_OBJC_MSGSEND = YES;
				GCC_C_LANGUAGE_STANDARD = gnu11;
				GCC_NO_COMMON_BLOCKS = YES;
				GCC_WARN_64_TO_32_BIT_CONVERSION = YES;
				GCC_WARN_ABOUT_RETURN_TYPE = YES_ERROR;
				GCC_WARN_UNDECLARED_SELECTOR = YES;
				GCC_WARN_UNINITIALIZED_AUTOS = YES_AGGRESSIVE;
				GCC_WARN_UNUSED_FUNCTION = YES;
				GCC_WARN_UNUSED_VARIABLE = YES;
				IPHONEOS_DEPLOYMENT_TARGET = 13.0;
				MTL_ENABLE_DEBUG_INFO = NO;
				MTL_FAST_MATH = YES;
				SDKROOT = iphoneos;
				VALIDATE_PRODUCT = YES;
			};
			name = Release;
		};
		632D9844258320D900B2BBCF /* Debug */ = {
			isa = XCBuildConfiguration;
			baseConfigurationReference = 851A3963E245A7F4C825191B /* Pods-Read.debug.xcconfig */;
			buildSettings = {
				ASSETCATALOG_COMPILER_APPICON_NAME = AppIcon;
				CODE_SIGN_IDENTITY = "iPhone Distribution";
				CODE_SIGN_STYLE = Manual;
				CURRENT_PROJECT_VERSION = 1.0;
				DEVELOPMENT_TEAM = 299DXJ7TQS;
				INFOPLIST_FILE = Read/Info.plist;
				IPHONEOS_DEPLOYMENT_TARGET = 10.0;
				LD_RUNPATH_SEARCH_PATHS = (
					"$(inherited)",
					"@executable_path/Frameworks",
				);
				MARKETING_VERSION = 1.0.0;
				OTHER_LDFLAGS = (
					"$(inherited)",
					"-framework",
					"\"AFNetworking\"",
					"-framework",
					"\"CoreFoundation\"",
					"-framework",
					"\"CoreGraphics\"",
					"-framework",
					"\"Foundation\"",
					"-framework",
					"\"HMSegmentedControl\"",
					"-framework",
					"\"MBProgressHUD\"",
					"-framework",
					"\"Masonry\"",
					"-framework",
					"\"QuartzCore\"",
					"-framework",
					"\"UIKit\"",
					"-framework",
					"\"YYModel\"",
					"-ObjC",
				);
				PRODUCT_BUNDLE_IDENTIFIER = com.jrmd.dxjr;
				PRODUCT_NAME = jjyd;
				PROVISIONING_PROFILE_SPECIFIER = Dis_jrmddxjr;
				TARGETED_DEVICE_FAMILY = 1;
			};
			name = Debug;
		};
		632D9845258320D900B2BBCF /* Release */ = {
			isa = XCBuildConfiguration;
			baseConfigurationReference = 371807930B40CBBEC32CA08D /* Pods-Read.release.xcconfig */;
			buildSettings = {
				ASSETCATALOG_COMPILER_APPICON_NAME = AppIcon;
				CODE_SIGN_IDENTITY = "iPhone Distribution";
				CODE_SIGN_STYLE = Manual;
				CURRENT_PROJECT_VERSION = 1.0;
				DEVELOPMENT_TEAM = 299DXJ7TQS;
				INFOPLIST_FILE = Read/Info.plist;
				IPHONEOS_DEPLOYMENT_TARGET = 10.0;
				LD_RUNPATH_SEARCH_PATHS = (
					"$(inherited)",
					"@executable_path/Frameworks",
				);
				MARKETING_VERSION = 1.0.0;
				ONLY_ACTIVE_ARCH = YES;
				OTHER_LDFLAGS = (
					"$(inherited)",
					"-framework",
					"\"AFNetworking\"",
					"-framework",
					"\"CoreFoundation\"",
					"-framework",
					"\"CoreGraphics\"",
					"-framework",
					"\"Foundation\"",
					"-framework",
					"\"HMSegmentedControl\"",
					"-framework",
					"\"MBProgressHUD\"",
					"-framework",
					"\"Masonry\"",
					"-framework",
					"\"QuartzCore\"",
					"-framework",
					"\"UIKit\"",
					"-framework",
					"\"YYModel\"",
					"-ObjC",
				);
				PRODUCT_BUNDLE_IDENTIFIER = com.jrmd.dxjr;
				PRODUCT_NAME = jjyd;
				PROVISIONING_PROFILE_SPECIFIER = Dis_jrmddxjr;
				TARGETED_DEVICE_FAMILY = 1;
			};
			name = Release;
		};
/* End XCBuildConfiguration section */

/* Begin XCConfigurationList section */
		632D9825258320D600B2BBCF /* Build configuration list for PBXProject "Read" */ = {
			isa = XCConfigurationList;
			buildConfigurations = (
				632D9841258320D900B2BBCF /* Debug */,
				632D9842258320D900B2BBCF /* Release */,
			);
			defaultConfigurationIsVisible = 0;
			defaultConfigurationName = Release;
		};
		632D9843258320D900B2BBCF /* Build configuration list for PBXNativeTarget "Read" */ = {
			isa = XCConfigurationList;
			buildConfigurations = (
				632D9844258320D900B2BBCF /* Debug */,
				632D9845258320D900B2BBCF /* Release */,
			);
			defaultConfigurationIsVisible = 0;
			defaultConfigurationName = Release;
		};
/* End XCConfigurationList section */
	};
	rootObject = 632D9822258320D600B2BBCF /* Project object */;
}
